
Microsoft Visual Studio Solution File, Format Version 12.00
# Visual Studio 14
VisualStudioVersion = 14.0.25123.0
MinimumVisualStudioVersion = 10.0.40219.1
Project("{FAE04EC0-301F-11D3-BF4B-00C04F79EFBC}") = "CameraSpoter", "GIShowCam\CameraSpoter.csproj", "{0D3DD7B8-80DE-4C64-9C57-81CB6C4AD929}"
EndProject
Project("{2150E333-8FDC-42A3-9474-1A3956D46DE8}") = "NVlc", "NVlc", "{BF5AF2C2-5298-4F6B-89CA-B5933AD5F152}"
EndProject
Project("{FAE04EC0-301F-11D3-BF4B-00C04F79EFBC}") = "LibVlcWrapper", "NVlc\LibVlcWrapper\LibVlcWrapper.csproj", "{57F08087-B175-4C96-BE36-83FBC4A21065}"
EndProject
Project("{FAE04EC0-301F-11D3-BF4B-00C04F79EFBC}") = "Declarations", "NVlc\Declarations\Declarations.csproj", "{819C4BAB-8FD0-463F-BB5F-119731840390}"
EndProject
Project("{FAE04EC0-301F-11D3-BF4B-00C04F79EFBC}") = "Implementation", "NVlc\Implementation\Implementation.csproj", "{6BA02CCA-2E14-4A64-8AB6-594E600D80C9}"
EndProject
Project("{FAE04EC0-301F-11D3-BF4B-00C04F79EFBC}") = "GISendLib", "GISendLib\GISendLib.csproj", "{565013E8-C09F-4D5D-B23C-F4488D181602}"
EndProject
Project("{FAE04EC0-301F-11D3-BF4B-00C04F79EFBC}") = "GIStreamReceive", "GIStreamReceive\GIStreamReceive.csproj", "{5D2368BA-1A17-447B-A211-9695D1830EB0}"
EndProject
Global
	GlobalSection(SolutionConfigurationPlatforms) = preSolution
		Debug|Any CPU = Debug|Any CPU
		Debug|x64 = Debug|x64
		Debug|x86 = Debug|x86
		Release|Any CPU = Release|Any CPU
		Release|x64 = Release|x64
		Release|x86 = Release|x86
	EndGlobalSection
	GlobalSection(ProjectConfigurationPlatforms) = postSolution
		{0D3DD7B8-80DE-4C64-9C57-81CB6C4AD929}.Debug|Any CPU.ActiveCfg = Debug|Any CPU
		{0D3DD7B8-80DE-4C64-9C57-81CB6C4AD929}.Debug|Any CPU.Build.0 = Debug|Any CPU
		{0D3DD7B8-80DE-4C64-9C57-81CB6C4AD929}.Debug|x64.ActiveCfg = Debug|Any CPU
		{0D3DD7B8-80DE-4C64-9C57-81CB6C4AD929}.Debug|x64.Build.0 = Debug|Any CPU
		{0D3DD7B8-80DE-4C64-9C57-81CB6C4AD929}.Debug|x86.ActiveCfg = Debug|Any CPU
		{0D3DD7B8-80DE-4C64-9C57-81CB6C4AD929}.Debug|x86.Build.0 = Debug|Any CPU
		{0D3DD7B8-80DE-4C64-9C57-81CB6C4AD929}.Release|Any CPU.ActiveCfg = Release|Any CPU
		{0D3DD7B8-80DE-4C64-9C57-81CB6C4AD929}.Release|Any CPU.Build.0 = Release|Any CPU
		{0D3DD7B8-80DE-4C64-9C57-81CB6C4AD929}.Release|x64.ActiveCfg = Release|Any CPU
		{0D3DD7B8-80DE-4C64-9C57-81CB6C4AD929}.Release|x64.Build.0 = Release|Any CPU
		{0D3DD7B8-80DE-4C64-9C57-81CB6C4AD929}.Release|x86.ActiveCfg = Release|Any CPU
		{0D3DD7B8-80DE-4C64-9C57-81CB6C4AD929}.Release|x86.Build.0 = Release|Any CPU
		{57F08087-B175-4C96-BE36-83FBC4A21065}.Debug|Any CPU.ActiveCfg = Debug|Any CPU
		{57F08087-B175-4C96-BE36-83FBC4A21065}.Debug|Any CPU.Build.0 = Debug|Any CPU
		{57F08087-B175-4C96-BE36-83FBC4A21065}.Debug|x64.ActiveCfg = Debug|Any CPU
		{57F08087-B175-4C96-BE36-83FBC4A21065}.Debug|x64.Build.0 = Debug|Any CPU
		{57F08087-B175-4C96-BE36-83FBC4A21065}.Debug|x86.ActiveCfg = Debug|x86
		{57F08087-B175-4C96-BE36-83FBC4A21065}.Debug|x86.Build.0 = Debug|x86
		{57F08087-B175-4C96-BE36-83FBC4A21065}.Release|Any CPU.ActiveCfg = Release|Any CPU
		{57F08087-B175-4C96-BE36-83FBC4A21065}.Release|Any CPU.Build.0 = Release|Any CPU
		{57F08087-B175-4C96-BE36-83FBC4A21065}.Release|x64.ActiveCfg = Release|Any CPU
		{57F08087-B175-4C96-BE36-83FBC4A21065}.Release|x64.Build.0 = Release|Any CPU
		{57F08087-B175-4C96-BE36-83FBC4A21065}.Release|x86.ActiveCfg = Release|x86
		{57F08087-B175-4C96-BE36-83FBC4A21065}.Release|x86.Build.0 = Release|x86
		{819C4BAB-8FD0-463F-BB5F-119731840390}.Debug|Any CPU.ActiveCfg = Debug|Any CPU
		{819C4BAB-8FD0-463F-BB5F-119731840390}.Debug|Any CPU.Build.0 = Debug|Any CPU
		{819C4BAB-8FD0-463F-BB5F-119731840390}.Debug|x64.ActiveCfg = Debug|Any CPU
		{819C4BAB-8FD0-463F-BB5F-119731840390}.Debug|x64.Build.0 = Debug|Any CPU
		{819C4BAB-8FD0-463F-BB5F-119731840390}.Debug|x86.ActiveCfg = Debug|x86
		{819C4BAB-8FD0-463F-BB5F-119731840390}.Debug|x86.Build.0 = Debug|x86
		{819C4BAB-8FD0-463F-BB5F-119731840390}.Release|Any CPU.ActiveCfg = Release|Any CPU
		{819C4BAB-8FD0-463F-BB5F-119731840390}.Release|Any CPU.Build.0 = Release|Any CPU
		{819C4BAB-8FD0-463F-BB5F-119731840390}.Release|x64.ActiveCfg = Release|Any CPU
		{819C4BAB-8FD0-463F-BB5F-119731840390}.Release|x64.Build.0 = Release|Any CPU
		{819C4BAB-8FD0-463F-BB5F-119731840390}.Release|x86.ActiveCfg = Release|x86
		{819C4BAB-8FD0-463F-BB5F-119731840390}.Release|x86.Build.0 = Release|x86
		{6BA02CCA-2E14-4A64-8AB6-594E600D80C9}.Debug|Any CPU.ActiveCfg = Debug|Any CPU
		{6BA02CCA-2E14-4A64-8AB6-594E600D80C9}.Debug|Any CPU.Build.0 = Debug|Any CPU
		{6BA02CCA-2E14-4A64-8AB6-594E600D80C9}.Debug|x64.ActiveCfg = Debug|Any CPU
		{6BA02CCA-2E14-4A64-8AB6-594E600D80C9}.Debug|x64.Build.0 = Debug|Any CPU
		{6BA02CCA-2E14-4A64-8AB6-594E600D80C9}.Debug|x86.ActiveCfg = Debug|x86
		{6BA02CCA-2E14-4A64-8AB6-594E600D80C9}.Debug|x86.Build.0 = Debug|x86
		{6BA02CCA-2E14-4A64-8AB6-594E600D80C9}.Release|Any CPU.ActiveCfg = Release|Any CPU
		{6BA02CCA-2E14-4A64-8AB6-594E600D80C9}.Release|Any CPU.Build.0 = Release|Any CPU
		{6BA02CCA-2E14-4A64-8AB6-594E600D80C9}.Release|x64.ActiveCfg = Release|Any CPU
		{6BA02CCA-2E14-4A64-8AB6-594E600D80C9}.Release|x64.Build.0 = Release|Any CPU
		{6BA02CCA-2E14-4A64-8AB6-594E600D80C9}.Release|x86.ActiveCfg = Release|x86
		{6BA02CCA-2E14-4A64-8AB6-594E600D80C9}.Release|x86.Build.0 = Release|x86
		{565013E8-C09F-4D5D-B23C-F4488D181602}.Debug|Any CPU.ActiveCfg = Debug|Any CPU
		{565013E8-C09F-4D5D-B23C-F4488D181602}.Debug|Any CPU.Build.0 = Debug|Any CPU
		{565013E8-C09F-4D5D-B23C-F4488D181602}.Debug|x64.ActiveCfg = Debug|Any CPU
		{565013E8-C09F-4D5D-B23C-F4488D181602}.Debug|x64.Build.0 = Debug|Any CPU
		{565013E8-C09F-4D5D-B23C-F4488D181602}.Debug|x86.ActiveCfg = Debug|Any CPU
		{565013E8-C09F-4D5D-B23C-F4488D181602}.Debug|x86.Build.0 = Debug|Any CPU
		{565013E8-C09F-4D5D-B23C-F4488D181602}.Release|Any CPU.ActiveCfg = Release|Any CPU
		{565013E8-C09F-4D5D-B23C-F4488D181602}.Release|Any CPU.Build.0 = Release|Any CPU
		{565013E8-C09F-4D5D-B23C-F4488D181602}.Release|x64.ActiveCfg = Release|Any CPU
		{565013E8-C09F-4D5D-B23C-F4488D181602}.Release|x64.Build.0 = Release|Any CPU
		{565013E8-C09F-4D5D-B23C-F4488D181602}.Release|x86.ActiveCfg = Release|Any CPU
		{565013E8-C09F-4D5D-B23C-F4488D181602}.Release|x86.Build.0 = Release|Any CPU
		{5D2368BA-1A17-447B-A211-9695D1830EB0}.Debug|Any CPU.ActiveCfg = Debug|Any CPU
		{5D2368BA-1A17-447B-A211-9695D1830EB0}.Debug|Any CPU.Build.0 = Debug|Any CPU
		{5D2368BA-1A17-447B-A211-9695D1830EB0}.Debug|x64.ActiveCfg = Debug|Any CPU
		{5D2368BA-1A17-447B-A211-9695D1830EB0}.Debug|x64.Build.0 = Debug|Any CPU
		{5D2368BA-1A17-447B-A211-9695D1830EB0}.Debug|x86.ActiveCfg = Debug|Any CPU
		{5D2368BA-1A17-447B-A211-9695D1830EB0}.Debug|x86.Build.0 = Debug|Any CPU
		{5D2368BA-1A17-447B-A211-9695D1830EB0}.Release|Any CPU.ActiveCfg = Release|Any CPU
		{5D2368BA-1A17-447B-A211-9695D1830EB0}.Release|Any CPU.Build.0 = Release|Any CPU
		{5D2368BA-1A17-447B-A211-9695D1830EB0}.Release|x64.ActiveCfg = Release|Any CPU
		{5D2368BA-1A17-447B-A211-9695D1830EB0}.Release|x64.Build.0 = Release|Any CPU
		{5D2368BA-1A17-447B-A211-9695D1830EB0}.Release|x86.ActiveCfg = Release|Any CPU
		{5D2368BA-1A17-447B-A211-9695D1830EB0}.Release|x86.Build.0 = Release|Any CPU
	EndGlobalSection
	GlobalSection(SolutionProperties) = preSolution
		HideSolutionNode = FALSE
	EndGlobalSection
	GlobalSection(NestedProjects) = preSolution
		{57F08087-B175-4C96-BE36-83FBC4A21065} = {BF5AF2C2-5298-4F6B-89CA-B5933AD5F152}
		{819C4BAB-8FD0-463F-BB5F-119731840390} = {BF5AF2C2-5298-4F6B-89CA-B5933AD5F152}
		{6BA02CCA-2E14-4A64-8AB6-594E600D80C9} = {BF5AF2C2-5298-4F6B-89CA-B5933AD5F152}
	EndGlobalSection
EndGlobal
